
Microsoft Visual Studio Solution File, Format Version 12.00
# Visual Studio Version 16
VisualStudioVersion = 16.0.30413.136
MinimumVisualStudioVersion = 10.0.40219.1
Project("{FAE04EC0-301F-11D3-BF4B-00C04F79EFBC}") = "BELUGA", "BELUGA\BELUGA.csproj", "{FBD29524-23F6-4488-81BF-98CFE2AC051C}"
EndProject
Global
	GlobalSection(SolutionConfigurationPlatforms) = preSolution
		Debug|Any CPU = Debug|Any CPU
		Release|Any CPU = Release|Any CPU
	EndGlobalSection
	GlobalSection(ProjectConfigurationPlatforms) = postSolution
		{FBD29524-23F6-4488-81BF-98CFE2AC051C}.Debug|Any CPU.ActiveCfg = Debug|Any CPU
		{FBD29524-23F6-4488-81BF-98CFE2AC051C}.Debug|Any CPU.Build.0 = Debug|Any CPU
		{FBD29524-23F6-4488-81BF-98CFE2AC051C}.Release|Any CPU.ActiveCfg = Release|Any CPU
		{FBD29524-23F6-4488-81BF-98CFE2AC051C}.Release|Any CPU.Build.0 = Release|Any CPU
	EndGlobalSection
	GlobalSection(SolutionProperties) = preSolution
		HideSolutionNode = FALSE
	EndGlobalSection
	GlobalSection(ExtensibilityGlobals) = postSolution
		SolutionGuid = {776F302F-C798-48FB-A88E-91C0AF44448E}
	EndGlobalSection
EndGlobal
